// !$*UTF8*$!
{
	archiveVersion = 1;
	classes = {
	};
	objectVersion = 46;
	objects = {

/* Begin PBXBuildFile section */
		BD75792D1F04B60F0075E80F /* Util.cpp in Sources */ = {isa = PBXBuildFile; fileRef = BD75792B1F04B60F0075E80F /* Util.cpp */; };
		BDB123361F04B2200012FE03 /* main.cpp in Sources */ = {isa = PBXBuildFile; fileRef = BDB123351F04B2200012FE03 /* main.cpp */; };
/* End PBXBuildFile section */

/* Begin PBXCopyFilesBuildPhase section */
		BDB123301F04B2200012FE03 /* CopyFiles */ = {
			isa = PBXCopyFilesBuildPhase;
			buildActionMask = 2147483647;
			dstPath = /usr/share/man/man1/;
			dstSubfolderSpec = 0;
			files = (
			);
			runOnlyForDeploymentPostprocessing = 1;
		};
/* End PBXCopyFilesBuildPhase section */

/* Begin PBXFileReference section */
		BD2008601F0606B900DDAFF8 /* allocators.h */ = {isa = PBXFileReference; fileEncoding = 4; lastKnownFileType = sourcecode.c.h; path = allocators.h; sourceTree = "<group>"; };
		BD2008611F0606B900DDAFF8 /* document.h */ = {isa = PBXFileReference; fileEncoding = 4; lastKnownFileType = sourcecode.c.h; path = document.h; sourceTree = "<group>"; };
		BD2008621F0606B900DDAFF8 /* encodedstream.h */ = {isa = PBXFileReference; fileEncoding = 4; lastKnownFileType = sourcecode.c.h; path = encodedstream.h; sourceTree = "<group>"; };
		BD2008631F0606B900DDAFF8 /* encodings.h */ = {isa = PBXFileReference; fileEncoding = 4; lastKnownFileType = sourcecode.c.h; path = encodings.h; sourceTree = "<group>"; };
		BD2008651F0606B900DDAFF8 /* en.h */ = {isa = PBXFileReference; fileEncoding = 4; lastKnownFileType = sourcecode.c.h; path = en.h; sourceTree = "<group>"; };
		BD2008661F0606B900DDAFF8 /* error.h */ = {isa = PBXFileReference; fileEncoding = 4; lastKnownFileType = sourcecode.c.h; path = error.h; sourceTree = "<group>"; };
		BD2008671F0606B900DDAFF8 /* filereadstream.h */ = {isa = PBXFileReference; fileEncoding = 4; lastKnownFileType = sourcecode.c.h; path = filereadstream.h; sourceTree = "<group>"; };
		BD2008681F0606B900DDAFF8 /* filewritestream.h */ = {isa = PBXFileReference; fileEncoding = 4; lastKnownFileType = sourcecode.c.h; path = filewritestream.h; sourceTree = "<group>"; };
		BD20086A1F0606B900DDAFF8 /* biginteger.h */ = {isa = PBXFileReference; fileEncoding = 4; lastKnownFileType = sourcecode.c.h; path = biginteger.h; sourceTree = "<group>"; };
		BD20086B1F0606B900DDAFF8 /* diyfp.h */ = {isa = PBXFileReference; fileEncoding = 4; lastKnownFileType = sourcecode.c.h; path = diyfp.h; sourceTree = "<group>"; };
		BD20086C1F0606B900DDAFF8 /* dtoa.h */ = {isa = PBXFileReference; fileEncoding = 4; lastKnownFileType = sourcecode.c.h; path = dtoa.h; sourceTree = "<group>"; };
		BD20086D1F0606B900DDAFF8 /* ieee754.h */ = {isa = PBXFileReference; fileEncoding = 4; lastKnownFileType = sourcecode.c.h; path = ieee754.h; sourceTree = "<group>"; };
		BD20086E1F0606B900DDAFF8 /* itoa.h */ = {isa = PBXFileReference; fileEncoding = 4; lastKnownFileType = sourcecode.c.h; path = itoa.h; sourceTree = "<group>"; };
		BD20086F1F0606B900DDAFF8 /* meta.h */ = {isa = PBXFileReference; fileEncoding = 4; lastKnownFileType = sourcecode.c.h; path = meta.h; sourceTree = "<group>"; };
		BD2008701F0606B900DDAFF8 /* pow10.h */ = {isa = PBXFileReference; fileEncoding = 4; lastKnownFileType = sourcecode.c.h; path = pow10.h; sourceTree = "<group>"; };
		BD2008711F0606B900DDAFF8 /* stack.h */ = {isa = PBXFileReference; fileEncoding = 4; lastKnownFileType = sourcecode.c.h; path = stack.h; sourceTree = "<group>"; };
		BD2008721F0606B900DDAFF8 /* strfunc.h */ = {isa = PBXFileReference; fileEncoding = 4; lastKnownFileType = sourcecode.c.h; path = strfunc.h; sourceTree = "<group>"; };
		BD2008731F0606B900DDAFF8 /* strtod.h */ = {isa = PBXFileReference; fileEncoding = 4; lastKnownFileType = sourcecode.c.h; path = strtod.h; sourceTree = "<group>"; };
		BD2008741F0606B900DDAFF8 /* swap.h */ = {isa = PBXFileReference; fileEncoding = 4; lastKnownFileType = sourcecode.c.h; path = swap.h; sourceTree = "<group>"; };
		BD2008751F0606B900DDAFF8 /* memorybuffer.h */ = {isa = PBXFileReference; fileEncoding = 4; lastKnownFileType = sourcecode.c.h; path = memorybuffer.h; sourceTree = "<group>"; };
		BD2008761F0606B900DDAFF8 /* memorystream.h */ = {isa = PBXFileReference; fileEncoding = 4; lastKnownFileType = sourcecode.c.h; path = memorystream.h; sourceTree = "<group>"; };
		BD2008781F0606B900DDAFF8 /* inttypes.h */ = {isa = PBXFileReference; fileEncoding = 4; lastKnownFileType = sourcecode.c.h; path = inttypes.h; sourceTree = "<group>"; };
		BD2008791F0606B900DDAFF8 /* stdint.h */ = {isa = PBXFileReference; fileEncoding = 4; lastKnownFileType = sourcecode.c.h; path = stdint.h; sourceTree = "<group>"; };
		BD20087A1F0606B900DDAFF8 /* pointer.h */ = {isa = PBXFileReference; fileEncoding = 4; lastKnownFileType = sourcecode.c.h; path = pointer.h; sourceTree = "<group>"; };
		BD20087B1F0606B900DDAFF8 /* prettywriter.h */ = {isa = PBXFileReference; fileEncoding = 4; lastKnownFileType = sourcecode.c.h; path = prettywriter.h; sourceTree = "<group>"; };
		BD20087C1F0606B900DDAFF8 /* rapidjson.h */ = {isa = PBXFileReference; fileEncoding = 4; lastKnownFileType = sourcecode.c.h; path = rapidjson.h; sourceTree = "<group>"; };
		BD20087D1F0606B900DDAFF8 /* reader.h */ = {isa = PBXFileReference; fileEncoding = 4; lastKnownFileType = sourcecode.c.h; path = reader.h; sourceTree = "<group>"; };
		BD20087E1F0606B900DDAFF8 /* stringbuffer.h */ = {isa = PBXFileReference; fileEncoding = 4; lastKnownFileType = sourcecode.c.h; path = stringbuffer.h; sourceTree = "<group>"; };
		BD20087F1F0606B900DDAFF8 /* writer.h */ = {isa = PBXFileReference; fileEncoding = 4; lastKnownFileType = sourcecode.c.h; path = writer.h; sourceTree = "<group>"; };
		BD75792B1F04B60F0075E80F /* Util.cpp */ = {isa = PBXFileReference; fileEncoding = 4; lastKnownFileType = sourcecode.cpp.cpp; path = Util.cpp; sourceTree = "<group>"; };
		BD75792C1F04B60F0075E80F /* Util.hpp */ = {isa = PBXFileReference; fileEncoding = 4; lastKnownFileType = sourcecode.cpp.h; path = Util.hpp; sourceTree = "<group>"; };
		BDB123321F04B2200012FE03 /* wpm */ = {isa = PBXFileReference; explicitFileType = "compiled.mach-o.executable"; includeInIndex = 0; path = wpm; sourceTree = BUILT_PRODUCTS_DIR; };
		BDB123351F04B2200012FE03 /* main.cpp */ = {isa = PBXFileReference; lastKnownFileType = sourcecode.cpp.cpp; path = main.cpp; sourceTree = "<group>"; };
/* End PBXFileReference section */

/* Begin PBXFrameworksBuildPhase section */
		BDB1232F1F04B2200012FE03 /* Frameworks */ = {
			isa = PBXFrameworksBuildPhase;
			buildActionMask = 2147483647;
			files = (
			);
			runOnlyForDeploymentPostprocessing = 0;
		};
/* End PBXFrameworksBuildPhase section */

/* Begin PBXGroup section */
		BD20085F1F0606B900DDAFF8 /* rapidjson */ = {
			isa = PBXGroup;
			children = (
				BD2008601F0606B900DDAFF8 /* allocators.h */,
				BD2008611F0606B900DDAFF8 /* document.h */,
				BD2008621F0606B900DDAFF8 /* encodedstream.h */,
				BD2008631F0606B900DDAFF8 /* encodings.h */,
				BD2008641F0606B900DDAFF8 /* error */,
				BD2008671F0606B900DDAFF8 /* filereadstream.h */,
				BD2008681F0606B900DDAFF8 /* filewritestream.h */,
				BD2008691F0606B900DDAFF8 /* internal */,
				BD2008751F0606B900DDAFF8 /* memorybuffer.h */,
				BD2008761F0606B900DDAFF8 /* memorystream.h */,
				BD2008771F0606B900DDAFF8 /* msinttypes */,
				BD20087A1F0606B900DDAFF8 /* pointer.h */,
				BD20087B1F0606B900DDAFF8 /* prettywriter.h */,
				BD20087C1F0606B900DDAFF8 /* rapidjson.h */,
				BD20087D1F0606B900DDAFF8 /* reader.h */,
				BD20087E1F0606B900DDAFF8 /* stringbuffer.h */,
				BD20087F1F0606B900DDAFF8 /* writer.h */,
			);
			path = rapidjson;
			sourceTree = "<group>";
		};
		BD2008641F0606B900DDAFF8 /* error */ = {
			isa = PBXGroup;
			children = (
				BD2008651F0606B900DDAFF8 /* en.h */,
				BD2008661F0606B900DDAFF8 /* error.h */,
			);
			path = error;
			sourceTree = "<group>";
		};
		BD2008691F0606B900DDAFF8 /* internal */ = {
			isa = PBXGroup;
			children = (
				BD20086A1F0606B900DDAFF8 /* biginteger.h */,
				BD20086B1F0606B900DDAFF8 /* diyfp.h */,
				BD20086C1F0606B900DDAFF8 /* dtoa.h */,
				BD20086D1F0606B900DDAFF8 /* ieee754.h */,
				BD20086E1F0606B900DDAFF8 /* itoa.h */,
				BD20086F1F0606B900DDAFF8 /* meta.h */,
				BD2008701F0606B900DDAFF8 /* pow10.h */,
				BD2008711F0606B900DDAFF8 /* stack.h */,
				BD2008721F0606B900DDAFF8 /* strfunc.h */,
				BD2008731F0606B900DDAFF8 /* strtod.h */,
				BD2008741F0606B900DDAFF8 /* swap.h */,
			);
			path = internal;
			sourceTree = "<group>";
		};
		BD2008771F0606B900DDAFF8 /* msinttypes */ = {
			isa = PBXGroup;
			children = (
				BD2008781F0606B900DDAFF8 /* inttypes.h */,
				BD2008791F0606B900DDAFF8 /* stdint.h */,
			);
			path = msinttypes;
			sourceTree = "<group>";
		};
		BDB123291F04B21F0012FE03 = {
			isa = PBXGroup;
			children = (
				BDB123341F04B2200012FE03 /* wpm */,
				BD20085F1F0606B900DDAFF8 /* rapidjson */,
				BDB123331F04B2200012FE03 /* Products */,
			);
			sourceTree = "<group>";
		};
		BDB123331F04B2200012FE03 /* Products */ = {
			isa = PBXGroup;
			children = (
				BDB123321F04B2200012FE03 /* wpm */,
			);
			name = Products;
			sourceTree = "<group>";
		};
		BDB123341F04B2200012FE03 /* wpm */ = {
			isa = PBXGroup;
			children = (
				BDB123351F04B2200012FE03 /* main.cpp */,
				BD75792B1F04B60F0075E80F /* Util.cpp */,
				BD75792C1F04B60F0075E80F /* Util.hpp */,
			);
			path = wpm;
			sourceTree = "<group>";
		};
/* End PBXGroup section */

/* Begin PBXNativeTarget section */
		BDB123311F04B2200012FE03 /* wpm */ = {
			isa = PBXNativeTarget;
			buildConfigurationList = BDB123391F04B2200012FE03 /* Build configuration list for PBXNativeTarget "wpm" */;
			buildPhases = (
				BDB1232E1F04B2200012FE03 /* Sources */,
				BDB1232F1F04B2200012FE03 /* Frameworks */,
				BDB123301F04B2200012FE03 /* CopyFiles */,
			);
			buildRules = (
			);
			dependencies = (
			);
			name = wpm;
			productName = wpm;
			productReference = BDB123321F04B2200012FE03 /* wpm */;
			productType = "com.apple.product-type.tool";
		};
/* End PBXNativeTarget section */

/* Begin PBXProject section */
		BDB1232A1F04B21F0012FE03 /* Project object */ = {
			isa = PBXProject;
			attributes = {
				LastUpgradeCheck = 0820;
				ORGANIZATIONNAME = "Adawat Chanchua";
				TargetAttributes = {
					BDB123311F04B2200012FE03 = {
						CreatedOnToolsVersion = 8.2.1;
						DevelopmentTeam = E6PVN52L39;
						ProvisioningStyle = Automatic;
					};
				};
			};
			buildConfigurationList = BDB1232D1F04B21F0012FE03 /* Build configuration list for PBXProject "wpm" */;
			compatibilityVersion = "Xcode 3.2";
			developmentRegion = English;
			hasScannedForEncodings = 0;
			knownRegions = (
				en,
			);
			mainGroup = BDB123291F04B21F0012FE03;
			productRefGroup = BDB123331F04B2200012FE03 /* Products */;
			projectDirPath = "";
			projectRoot = "";
			targets = (
				BDB123311F04B2200012FE03 /* wpm */,
			);
		};
/* End PBXProject section */

/* Begin PBXSourcesBuildPhase section */
		BDB1232E1F04B2200012FE03 /* Sources */ = {
			isa = PBXSourcesBuildPhase;
			buildActionMask = 2147483647;
			files = (
				BDB123361F04B2200012FE03 /* main.cpp in Sources */,
				BD75792D1F04B60F0075E80F /* Util.cpp in Sources */,
			);
			runOnlyForDeploymentPostprocessing = 0;
		};
/* End PBXSourcesBuildPhase section */

/* Begin XCBuildConfiguration section */
		BDB123371F04B2200012FE03 /* Debug */ = {
			isa = XCBuildConfiguration;
			buildSettings = {
				ALWAYS_SEARCH_USER_PATHS = NO;
				CLANG_ANALYZER_NONNULL = YES;
				CLANG_CXX_LANGUAGE_STANDARD = "gnu++0x";
				CLANG_CXX_LIBRARY = "libc++";
				CLANG_ENABLE_MODULES = YES;
				CLANG_ENABLE_OBJC_ARC = YES;
				CLANG_WARN_BOOL_CONVERSION = YES;
				CLANG_WARN_CONSTANT_CONVERSION = YES;
				CLANG_WARN_DIRECT_OBJC_ISA_USAGE = YES_ERROR;
				CLANG_WARN_DOCUMENTATION_COMMENTS = YES;
				CLANG_WARN_EMPTY_BODY = YES;
				CLANG_WARN_ENUM_CONVERSION = YES;
				CLANG_WARN_INFINITE_RECURSION = YES;
				CLANG_WARN_INT_CONVERSION = YES;
				CLANG_WARN_OBJC_ROOT_CLASS = YES_ERROR;
				CLANG_WARN_SUSPICIOUS_MOVE = YES;
				CLANG_WARN_UNREACHABLE_CODE = YES;
				CLANG_WARN__DUPLICATE_METHOD_MATCH = YES;
				CODE_SIGN_IDENTITY = "-";
				COPY_PHASE_STRIP = NO;
				DEBUG_INFORMATION_FORMAT = dwarf;
				ENABLE_STRICT_OBJC_MSGSEND = YES;
				ENABLE_TESTABILITY = YES;
				GCC_C_LANGUAGE_STANDARD = gnu99;
				GCC_DYNAMIC_NO_PIC = NO;
				GCC_NO_COMMON_BLOCKS = YES;
				GCC_OPTIMIZATION_LEVEL = 0;
				GCC_PREPROCESSOR_DEFINITIONS = (
					"DEBUG=1",
					"$(inherited)",
				);
				GCC_WARN_64_TO_32_BIT_CONVERSION = YES;
				GCC_WARN_ABOUT_RETURN_TYPE = YES_ERROR;
				GCC_WARN_UNDECLARED_SELECTOR = YES;
				GCC_WARN_UNINITIALIZED_AUTOS = YES_AGGRESSIVE;
				GCC_WARN_UNUSED_FUNCTION = YES;
				GCC_WARN_UNUSED_VARIABLE = YES;
				MACOSX_DEPLOYMENT_TARGET = 10.12;
				MTL_ENABLE_DEBUG_INFO = YES;
				ONLY_ACTIVE_ARCH = YES;
				SDKROOT = macosx;
			};
			name = Debug;
		};
		BDB123381F04B2200012FE03 /* Release */ = {
			isa = XCBuildConfiguration;
			buildSettings = {
				ALWAYS_SEARCH_USER_PATHS = NO;
				CLANG_ANALYZER_NONNULL = YES;
				CLANG_CXX_LANGUAGE_STANDARD = "gnu++0x";
				CLANG_CXX_LIBRARY = "libc++";
				CLANG_ENABLE_MODULES = YES;
				CLANG_ENABLE_OBJC_ARC = YES;
				CLANG_WARN_BOOL_CONVERSION = YES;
				CLANG_WARN_CONSTANT_CONVERSION = YES;
				CLANG_WARN_DIRECT_OBJC_ISA_USAGE = YES_ERROR;
				CLANG_WARN_DOCUMENTATION_COMMENTS = YES;
				CLANG_WARN_EMPTY_BODY = YES;
				CLANG_WARN_ENUM_CONVERSION = YES;
				CLANG_WARN_INFINITE_RECURSION = YES;
				CLANG_WARN_INT_CONVERSION = YES;
				CLANG_WARN_OBJC_ROOT_CLASS = YES_ERROR;
				CLANG_WARN_SUSPICIOUS_MOVE = YES;
				CLANG_WARN_UNREACHABLE_CODE = YES;
				CLANG_WARN__DUPLICATE_METHOD_MATCH = YES;
				CODE_SIGN_IDENTITY = "-";
				COPY_PHASE_STRIP = NO;
				DEBUG_INFORMATION_FORMAT = "dwarf-with-dsym";
				ENABLE_NS_ASSERTIONS = NO;
				ENABLE_STRICT_OBJC_MSGSEND = YES;
				GCC_C_LANGUAGE_STANDARD = gnu99;
				GCC_NO_COMMON_BLOCKS = YES;
				GCC_WARN_64_TO_32_BIT_CONVERSION = YES;
				GCC_WARN_ABOUT_RETURN_TYPE = YES_ERROR;
				GCC_WARN_UNDECLARED_SELECTOR = YES;
				GCC_WARN_UNINITIALIZED_AUTOS = YES_AGGRESSIVE;
				GCC_WARN_UNUSED_FUNCTION = YES;
				GCC_WARN_UNUSED_VARIABLE = YES;
				MACOSX_DEPLOYMENT_TARGET = 10.12;
				MTL_ENABLE_DEBUG_INFO = NO;
				SDKROOT = macosx;
			};
			name = Release;
		};
		BDB1233A1F04B2200012FE03 /* Debug */ = {
			isa = XCBuildConfiguration;
			buildSettings = {
				DEVELOPMENT_TEAM = E6PVN52L39;
				PRODUCT_NAME = "$(TARGET_NAME)";
			};
			name = Debug;
		};
		BDB1233B1F04B2200012FE03 /* Release */ = {
			isa = XCBuildConfiguration;
			buildSettings = {
				DEVELOPMENT_TEAM = E6PVN52L39;
				PRODUCT_NAME = "$(TARGET_NAME)";
			};
			name = Release;
		};
/* End XCBuildConfiguration section */

/* Begin XCConfigurationList section */
		BDB1232D1F04B21F0012FE03 /* Build configuration list for PBXProject "wpm" */ = {
			isa = XCConfigurationList;
			buildConfigurations = (
				BDB123371F04B2200012FE03 /* Debug */,
				BDB123381F04B2200012FE03 /* Release */,
			);
			defaultConfigurationIsVisible = 0;
			defaultConfigurationName = Release;
		};
		BDB123391F04B2200012FE03 /* Build configuration list for PBXNativeTarget "wpm" */ = {
			isa = XCConfigurationList;
			buildConfigurations = (
				BDB1233A1F04B2200012FE03 /* Debug */,
				BDB1233B1F04B2200012FE03 /* Release */,
			);
			defaultConfigurationIsVisible = 0;
			defaultConfigurationName = Release;
		};
/* End XCConfigurationList section */
	};
	rootObject = BDB1232A1F04B21F0012FE03 /* Project object */;
}
